{
  "name": "getting-started-guide",
  "version": "1.0.0",
  "lockfileVersion": 2,
  "requires": true,
  "packages": {
    "": {
      "name": "getting-started-guide",
      "version": "1.0.0",
      "license": "ISC",
      "dependencies": {
        "coherent-gameface-automatic-grid": "^3.0.0",
        "coherent-gameface-checkbox": "^3.1.0",
        "coherent-gameface-components": "^3.2.0",
        "coherent-gameface-dropdown": "^3.1.0",
        "coherent-gameface-grid": "^2.0.0",
        "coherent-gameface-rangeslider": "^3.1.0"
      },
      "devDependencies": {}
    },
    "node_modules/coherent-gameface-automatic-grid": {
      "version": "3.0.0",
      "resolved": "https://registry.npmjs.org/coherent-gameface-automatic-grid/-/coherent-gameface-automatic-grid-3.0.0.tgz",
      "integrity": "sha512-iSoWLyZGbr7kS3uPWTM50bmziP4XKN8k92Od5TiOHypLHOGsMHSOdXit2VodY5JHwrbsE3ekYDQice89maF38g==",
      "dependencies": {
        "coherent-gameface-components": "^3.0.0",
        "coherent-gameface-grid": "^2.0.0",
        "postmessage-polyfill": "1.0.0",
        "whatwg-fetch": "3.4.1"
      }
    },
    "node_modules/coherent-gameface-checkbox": {
      "version": "3.1.0",
      "resolved": "https://registry.npmjs.org/coherent-gameface-checkbox/-/coherent-gameface-checkbox-3.1.0.tgz",
      "integrity": "sha512-uerzj75ihalXCbOoDQBKrwVMK////EGzcv4rM82FF97xjHdAYA04+8KDhq4aXW9+k6xYuX1fIgZYCXG9/gmlww==",
      "dependencies": {
        "coherent-gameface-components": "^3.0.0"
      }
    },
    "node_modules/coherent-gameface-components": {
      "version": "3.2.0",
      "resolved": "https://registry.npmjs.org/coherent-gameface-components/-/coherent-gameface-components-3.2.0.tgz",
      "integrity": "sha512-BzLAfntxpzKYa2JGcWUGh/XjBm03U9da0ytS8+6WWsVSOifP7iF/Ktgiopww08DbF7EHmuIzbIZOOW0Q2zYf4A=="
    },
    "node_modules/coherent-gameface-dropdown": {
      "version": "3.1.0",
      "resolved": "https://registry.npmjs.org/coherent-gameface-dropdown/-/coherent-gameface-dropdown-3.1.0.tgz",
      "integrity": "sha512-aX/ADpgPGGfBhO4pyxOWoMJM4CSLroAJIkvQGAhkwvX0WjQSNgnGiuiLFBDyquavLAbnDJBdjnW+itAQkbnBkg==",
      "dependencies": {
        "coherent-gameface-components": "^3.0.0",
        "coherent-gameface-scrollable-container": "^3.0.0",
        "postmessage-polyfill": "1.0.0",
        "whatwg-fetch": "3.4.1"
      }
    },
    "node_modules/coherent-gameface-grid": {
      "version": "2.0.0",
      "resolved": "https://registry.npmjs.org/coherent-gameface-grid/-/coherent-gameface-grid-2.0.0.tgz",
      "integrity": "sha512-ZN9+jR3X+1CihHUHXHR3/JUPIiDPbYxg/kHu8Mz9+U5k5iPEl3yIqIBB+uaPdHdVnYbFeLApkg831yXze7hUCg=="
    },
    "node_modules/coherent-gameface-rangeslider": {
      "version": "3.1.0",
      "resolved": "https://registry.npmjs.org/coherent-gameface-rangeslider/-/coherent-gameface-rangeslider-3.1.0.tgz",
      "integrity": "sha512-cD9uShKe1sYKLY1BuPuTWm97ec+EBSQzsRGo1+53WaeIDMKR2FvjeKCIyjoo+veWf6F4Z8+m7lF3klXfnOLniQ==",
      "dependencies": {
        "coherent-gameface-components": "^3.0.0",
        "postmessage-polyfill": "1.0.0",
        "whatwg-fetch": "3.4.1"
      }
    },
    "node_modules/coherent-gameface-scrollable-container": {
      "version": "3.0.0",
      "resolved": "https://registry.npmjs.org/coherent-gameface-scrollable-container/-/coherent-gameface-scrollable-container-3.0.0.tgz",
      "integrity": "sha512-zHCTWe/iqbQIxiH6DVOZiWpF7XbPIAD8JwAMfOpnhwH8ppl8522i9DkAujV+4NWI558FdlAyXJYssacMWvW+sw==",
      "dependencies": {
        "coherent-gameface-components": "^3.0.0",
        "coherent-gameface-slider": "^3.0.0",
        "postmessage-polyfill": "1.0.0",
        "whatwg-fetch": "3.4.1"
      }
    },
    "node_modules/coherent-gameface-slider": {
      "version": "3.0.0",
      "resolved": "https://registry.npmjs.org/coherent-gameface-slider/-/coherent-gameface-slider-3.0.0.tgz",
      "integrity": "sha512-kUc7rzVwcekN8FuO/8n56eyt+PIIL2DAndTYbXy41IqA40/O5lD0Y4iBLThz3GeWs1NBSKWNnn0CBRdNqbaB2w==",
      "dependencies": {
        "coherent-gameface-components": "^3.0.0",
        "postmessage-polyfill": "1.0.0",
        "whatwg-fetch": "3.4.1"
      }
    },
    "node_modules/postmessage-polyfill": {
      "version": "1.0.0",
      "resolved": "https://registry.npmjs.org/postmessage-polyfill/-/postmessage-polyfill-1.0.0.tgz",
      "integrity": "sha512-nb488P1AMdoPyMru+l4UeQqFxBK7INQKI8Qr7GkfRaczG61LkmZei/nCpv/UDs/HTh48Na/EFt0nVArOc0Z6wQ=="
    },
    "node_modules/whatwg-fetch": {
      "version": "3.4.1",
      "resolved": "https://registry.npmjs.org/whatwg-fetch/-/whatwg-fetch-3.4.1.tgz",
      "integrity": "sha512-sofZVzE1wKwO+EYPbWfiwzaKovWiZXf4coEzjGP9b2GBVgQRLQUZ2QcuPpQExGDAW5GItpEm6Tl4OU5mywnAoQ=="
    }
  },
  "dependencies": {
    "coherent-gameface-automatic-grid": {
      "version": "3.0.0",
      "resolved": "https://registry.npmjs.org/coherent-gameface-automatic-grid/-/coherent-gameface-automatic-grid-3.0.0.tgz",
      "integrity": "sha512-iSoWLyZGbr7kS3uPWTM50bmziP4XKN8k92Od5TiOHypLHOGsMHSOdXit2VodY5JHwrbsE3ekYDQice89maF38g==",
      "requires": {
        "coherent-gameface-components": "^3.0.0",
        "coherent-gameface-grid": "^2.0.0",
        "postmessage-polyfill": "1.0.0",
        "whatwg-fetch": "3.4.1"
      }
    },
    "coherent-gameface-checkbox": {
      "version": "3.1.0",
      "resolved": "https://registry.npmjs.org/coherent-gameface-checkbox/-/coherent-gameface-checkbox-3.1.0.tgz",
      "integrity": "sha512-uerzj75ihalXCbOoDQBKrwVMK////EGzcv4rM82FF97xjHdAYA04+8KDhq4aXW9+k6xYuX1fIgZYCXG9/gmlww==",
      "requires": {
        "coherent-gameface-components": "^3.0.0"
      }
    },
    "coherent-gameface-components": {
      "version": "3.2.0",
      "resolved": "https://registry.npmjs.org/coherent-gameface-components/-/coherent-gameface-components-3.2.0.tgz",
      "integrity": "sha512-BzLAfntxpzKYa2JGcWUGh/XjBm03U9da0ytS8+6WWsVSOifP7iF/Ktgiopww08DbF7EHmuIzbIZOOW0Q2zYf4A=="
    },
    "coherent-gameface-dropdown": {
      "version": "3.1.0",
      "resolved": "https://registry.npmjs.org/coherent-gameface-dropdown/-/coherent-gameface-dropdown-3.1.0.tgz",
      "integrity": "sha512-aX/ADpgPGGfBhO4pyxOWoMJM4CSLroAJIkvQGAhkwvX0WjQSNgnGiuiLFBDyquavLAbnDJBdjnW+itAQkbnBkg==",
      "requires": {
        "coherent-gameface-components": "^3.0.0",
        "coherent-gameface-scrollable-container": "^3.0.0",
        "postmessage-polyfill": "1.0.0",
        "whatwg-fetch": "3.4.1"
      }
    },
    "coherent-gameface-grid": {
      "version": "2.0.0",
      "resolved": "https://registry.npmjs.org/coherent-gameface-grid/-/coherent-gameface-grid-2.0.0.tgz",
      "integrity": "sha512-ZN9+jR3X+1CihHUHXHR3/JUPIiDPbYxg/kHu8Mz9+U5k5iPEl3yIqIBB+uaPdHdVnYbFeLApkg831yXze7hUCg=="
    },
    "coherent-gameface-rangeslider": {
      "version": "3.1.0",
      "resolved": "https://registry.npmjs.org/coherent-gameface-rangeslider/-/coherent-gameface-rangeslider-3.1.0.tgz",
      "integrity": "sha512-cD9uShKe1sYKLY1BuPuTWm97ec+EBSQzsRGo1+53WaeIDMKR2FvjeKCIyjoo+veWf6F4Z8+m7lF3klXfnOLniQ==",
      "requires": {
        "coherent-gameface-components": "^3.0.0",
        "postmessage-polyfill": "1.0.0",
        "whatwg-fetch": "3.4.1"
      }
    },
    "coherent-gameface-scrollable-container": {
      "version": "3.0.0",
      "resolved": "https://registry.npmjs.org/coherent-gameface-scrollable-container/-/coherent-gameface-scrollable-container-3.0.0.tgz",
      "integrity": "sha512-zHCTWe/iqbQIxiH6DVOZiWpF7XbPIAD8JwAMfOpnhwH8ppl8522i9DkAujV+4NWI558FdlAyXJYssacMWvW+sw==",
      "requires": {
        "coherent-gameface-components": "^3.0.0",
        "coherent-gameface-slider": "^3.0.0",
        "postmessage-polyfill": "1.0.0",
        "whatwg-fetch": "3.4.1"
      }
    },
    "coherent-gameface-slider": {
      "version": "3.0.0",
      "resolved": "https://registry.npmjs.org/coherent-gameface-slider/-/coherent-gameface-slider-3.0.0.tgz",
      "integrity": "sha512-kUc7rzVwcekN8FuO/8n56eyt+PIIL2DAndTYbXy41IqA40/O5lD0Y4iBLThz3GeWs1NBSKWNnn0CBRdNqbaB2w==",
      "requires": {
        "coherent-gameface-components": "^3.0.0",
        "postmessage-polyfill": "1.0.0",
        "whatwg-fetch": "3.4.1"
      }
    },
    "postmessage-polyfill": {
      "version": "1.0.0",
      "resolved": "https://registry.npmjs.org/postmessage-polyfill/-/postmessage-polyfill-1.0.0.tgz",
      "integrity": "sha512-nb488P1AMdoPyMru+l4UeQqFxBK7INQKI8Qr7GkfRaczG61LkmZei/nCpv/UDs/HTh48Na/EFt0nVArOc0Z6wQ=="
    },
    "whatwg-fetch": {
      "version": "3.4.1",
      "resolved": "https://registry.npmjs.org/whatwg-fetch/-/whatwg-fetch-3.4.1.tgz",
      "integrity": "sha512-sofZVzE1wKwO+EYPbWfiwzaKovWiZXf4coEzjGP9b2GBVgQRLQUZ2QcuPpQExGDAW5GItpEm6Tl4OU5mywnAoQ=="
    }
  }
}
