{
  "name": "getting-started-guide",
  "version": "1.0.0",
  "lockfileVersion": 1,
  "requires": true,
  "dependencies": {
    "coherent-gameface-automatic-grid": {
      "version": "1.0.7",
      "resolved": "https://registry.npmjs.org/coherent-gameface-automatic-grid/-/coherent-gameface-automatic-grid-1.0.7.tgz",
      "integrity": "sha512-QEV1WOUpk8SrJ7YV0IZNpU8Y+g8piOwRLdKY9DQFbuaH1tco5y4qU8UajPWomDf2PeyK1/tKY4X0t+AiUW6Whw==",
      "requires": {
        "coherent-gameface-components": "^1.0.5",
        "postmessage-polyfill": "1.0.0",
        "whatwg-fetch": "3.4.1"
      }
    },
    "coherent-gameface-checkbox": {
      "version": "1.0.6",
      "resolved": "https://registry.npmjs.org/coherent-gameface-checkbox/-/coherent-gameface-checkbox-1.0.6.tgz",
      "integrity": "sha512-qp5aScP18vDX/Ui/soD4EdU5GhGfU0YCxz9PNp2EpzXkzwplPzQoAtQYqeUD1VAkWG1LRm3AnsqQ+lgd/tpHNA==",
      "requires": {
        "coherent-gameface-components": "^1.0.5"
      }
    },
    "coherent-gameface-components": {
      "version": "1.0.6",
      "resolved": "https://registry.npmjs.org/coherent-gameface-components/-/coherent-gameface-components-1.0.6.tgz",
      "integrity": "sha512-e6VstMRTf5qGocP5AAqdzUikPJ//HEPAY138gUx9KNwx6IbsriOPes996HQ480LhAnjoH/NYB1ZwAmhQXR9aCQ=="
    },
    "coherent-gameface-dropdown": {
      "version": "1.0.7",
      "resolved": "https://registry.npmjs.org/coherent-gameface-dropdown/-/coherent-gameface-dropdown-1.0.7.tgz",
      "integrity": "sha512-vG2cgtrKPcRix9BgQTesvZCMRt37WsNM1VGbQY12OPWiPPTVehcj0n2Ael6LTs0GTCBbZMeTkcM3FtCbJ90rfw==",
      "requires": {
        "coherent-gameface-components": "^1.0.5",
        "coherent-gameface-scrollable-container": "^1.0.6",
        "postmessage-polyfill": "1.0.0",
        "whatwg-fetch": "3.4.1"
      }
    },
    "coherent-gameface-grid": {
      "version": "1.0.3",
      "resolved": "https://registry.npmjs.org/coherent-gameface-grid/-/coherent-gameface-grid-1.0.3.tgz",
      "integrity": "sha512-kowSUW5TwNrbKjeB5CuN5zsVrXUqJCNBR6PiXxspQpKFeA9Got8s3NneDjbEFV0g2OZrKJEFN73GDGRMGfmw6A=="
    },
    "coherent-gameface-rangeslider": {
      "version": "1.0.5",
      "resolved": "https://registry.npmjs.org/coherent-gameface-rangeslider/-/coherent-gameface-rangeslider-1.0.5.tgz",
      "integrity": "sha512-w6UB9lBaAPj/ueLNHjXTSu/aSuPZK0/N6eU5bbXnsMqYggZrg14Lzi9QfvLMf6TrgoiuKKDEYaXjkZFVC9JWeg==",
      "requires": {
        "coherent-gameface-components": "^1.0.5",
        "postmessage-polyfill": "1.0.0",
        "whatwg-fetch": "3.4.1"
      }
    },
    "coherent-gameface-scrollable-container": {
      "version": "1.0.7",
      "resolved": "https://registry.npmjs.org/coherent-gameface-scrollable-container/-/coherent-gameface-scrollable-container-1.0.7.tgz",
      "integrity": "sha512-j4dDnP4GlB8VEJ4eo/bIS6vnYWC/sGf50PA8f0WfrXIO6vZLvF32nkgrGrDu5EYf/r4IqAgLAHLzc8dsLHy+7Q==",
      "requires": {
        "coherent-gameface-components": "^1.0.5",
        "coherent-gameface-slider": "^1.0.5",
        "postmessage-polyfill": "1.0.0",
        "whatwg-fetch": "3.4.1"
      }
    },
    "coherent-gameface-slider": {
      "version": "1.0.6",
      "resolved": "https://registry.npmjs.org/coherent-gameface-slider/-/coherent-gameface-slider-1.0.6.tgz",
      "integrity": "sha512-n+as1hx456agFEdb1F8DCtLcn6r7cp/6mUGQSHf8hOYlY7JCVijxUyEsSo0p9yQxsDqBEGxu4khFRLUKSQOXQQ==",
      "requires": {
        "coherent-gameface-components": "^1.0.5",
        "postmessage-polyfill": "1.0.0",
        "whatwg-fetch": "3.4.1"
      }
    },
    "postmessage-polyfill": {
      "version": "1.0.0",
      "resolved": "https://registry.npmjs.org/postmessage-polyfill/-/postmessage-polyfill-1.0.0.tgz",
      "integrity": "sha1-0GQ6MOr730yNXuPXuyM04IWI6jY="
    },
    "whatwg-fetch": {
      "version": "3.4.1",
      "resolved": "https://registry.npmjs.org/whatwg-fetch/-/whatwg-fetch-3.4.1.tgz",
      "integrity": "sha512-sofZVzE1wKwO+EYPbWfiwzaKovWiZXf4coEzjGP9b2GBVgQRLQUZ2QcuPpQExGDAW5GItpEm6Tl4OU5mywnAoQ=="
    }
  }
}
