{
  "name": "getting-started-guide",
  "version": "1.0.0",
  "lockfileVersion": 2,
  "requires": true,
  "packages": {
    "": {
      "name": "getting-started-guide",
      "version": "1.0.0",
      "license": "ISC",
      "dependencies": {
        "coherent-gameface-automatic-grid": "^1.0.7",
        "coherent-gameface-checkbox": "^1.0.9",
        "coherent-gameface-components": "^1.0.9",
        "coherent-gameface-dropdown": "^1.0.7",
        "coherent-gameface-grid": "^1.0.3",
        "coherent-gameface-rangeslider": "^1.0.6"
      },
      "devDependencies": {}
    },
    "node_modules/coherent-gameface-automatic-grid": {
      "version": "1.0.7",
      "resolved": "https://registry.npmjs.org/coherent-gameface-automatic-grid/-/coherent-gameface-automatic-grid-1.0.7.tgz",
      "integrity": "sha512-QEV1WOUpk8SrJ7YV0IZNpU8Y+g8piOwRLdKY9DQFbuaH1tco5y4qU8UajPWomDf2PeyK1/tKY4X0t+AiUW6Whw==",
      "dependencies": {
        "coherent-gameface-components": "^1.0.5",
        "postmessage-polyfill": "1.0.0",
        "whatwg-fetch": "3.4.1"
      }
    },
    "node_modules/coherent-gameface-checkbox": {
      "version": "1.0.9",
      "resolved": "https://registry.npmjs.org/coherent-gameface-checkbox/-/coherent-gameface-checkbox-1.0.9.tgz",
      "integrity": "sha512-O+u4V7jY3dbGa06sR78OE851n6odTXxW7AbDo4dWDrxK0ddDrf9OFZs0X5Qqc7eajOTCPFu2Lt6u/AfVcnwhzQ==",
      "dependencies": {
        "coherent-gameface-components": "^1.0.5"
      }
    },
    "node_modules/coherent-gameface-components": {
      "version": "1.0.9",
      "resolved": "https://registry.npmjs.org/coherent-gameface-components/-/coherent-gameface-components-1.0.9.tgz",
      "integrity": "sha512-LC3AMP5Ws8/DajfQ5IoJGtE72k92qGyBO6hVeKT2yaHjQAgvPwq9VO9gRT+bf5ohzI41UsnmuhBwgdbuPIgBrw=="
    },
    "node_modules/coherent-gameface-dropdown": {
      "version": "1.0.7",
      "resolved": "https://registry.npmjs.org/coherent-gameface-dropdown/-/coherent-gameface-dropdown-1.0.7.tgz",
      "integrity": "sha512-vG2cgtrKPcRix9BgQTesvZCMRt37WsNM1VGbQY12OPWiPPTVehcj0n2Ael6LTs0GTCBbZMeTkcM3FtCbJ90rfw==",
      "dependencies": {
        "coherent-gameface-components": "^1.0.5",
        "coherent-gameface-scrollable-container": "^1.0.6",
        "postmessage-polyfill": "1.0.0",
        "whatwg-fetch": "3.4.1"
      }
    },
    "node_modules/coherent-gameface-grid": {
      "version": "1.0.3",
      "resolved": "https://registry.npmjs.org/coherent-gameface-grid/-/coherent-gameface-grid-1.0.3.tgz",
      "integrity": "sha512-kowSUW5TwNrbKjeB5CuN5zsVrXUqJCNBR6PiXxspQpKFeA9Got8s3NneDjbEFV0g2OZrKJEFN73GDGRMGfmw6A=="
    },
    "node_modules/coherent-gameface-rangeslider": {
      "version": "1.0.6",
      "resolved": "https://registry.npmjs.org/coherent-gameface-rangeslider/-/coherent-gameface-rangeslider-1.0.6.tgz",
      "integrity": "sha512-LFdsCUGbfgsZA+REKUBhm1QKo0UAOx0S7RjKw7HPJdCD3ty0rO39kY4wq3g9rctbZTs4OPR0A7u+dxvGt04sPw==",
      "dependencies": {
        "coherent-gameface-components": "^1.0.5",
        "postmessage-polyfill": "1.0.0",
        "whatwg-fetch": "3.4.1"
      }
    },
    "node_modules/coherent-gameface-scrollable-container": {
      "version": "1.0.7",
      "resolved": "https://registry.npmjs.org/coherent-gameface-scrollable-container/-/coherent-gameface-scrollable-container-1.0.7.tgz",
      "integrity": "sha512-j4dDnP4GlB8VEJ4eo/bIS6vnYWC/sGf50PA8f0WfrXIO6vZLvF32nkgrGrDu5EYf/r4IqAgLAHLzc8dsLHy+7Q==",
      "dependencies": {
        "coherent-gameface-components": "^1.0.5",
        "coherent-gameface-slider": "^1.0.5",
        "postmessage-polyfill": "1.0.0",
        "whatwg-fetch": "3.4.1"
      }
    },
    "node_modules/coherent-gameface-slider": {
      "version": "1.0.6",
      "resolved": "https://registry.npmjs.org/coherent-gameface-slider/-/coherent-gameface-slider-1.0.6.tgz",
      "integrity": "sha512-n+as1hx456agFEdb1F8DCtLcn6r7cp/6mUGQSHf8hOYlY7JCVijxUyEsSo0p9yQxsDqBEGxu4khFRLUKSQOXQQ==",
      "dependencies": {
        "coherent-gameface-components": "^1.0.5",
        "postmessage-polyfill": "1.0.0",
        "whatwg-fetch": "3.4.1"
      }
    },
    "node_modules/postmessage-polyfill": {
      "version": "1.0.0",
      "resolved": "https://registry.npmjs.org/postmessage-polyfill/-/postmessage-polyfill-1.0.0.tgz",
      "integrity": "sha1-0GQ6MOr730yNXuPXuyM04IWI6jY="
    },
    "node_modules/whatwg-fetch": {
      "version": "3.4.1",
      "resolved": "https://registry.npmjs.org/whatwg-fetch/-/whatwg-fetch-3.4.1.tgz",
      "integrity": "sha512-sofZVzE1wKwO+EYPbWfiwzaKovWiZXf4coEzjGP9b2GBVgQRLQUZ2QcuPpQExGDAW5GItpEm6Tl4OU5mywnAoQ=="
    }
  },
  "dependencies": {
    "coherent-gameface-automatic-grid": {
      "version": "1.0.7",
      "resolved": "https://registry.npmjs.org/coherent-gameface-automatic-grid/-/coherent-gameface-automatic-grid-1.0.7.tgz",
      "integrity": "sha512-QEV1WOUpk8SrJ7YV0IZNpU8Y+g8piOwRLdKY9DQFbuaH1tco5y4qU8UajPWomDf2PeyK1/tKY4X0t+AiUW6Whw==",
      "requires": {
        "coherent-gameface-components": "^1.0.5",
        "postmessage-polyfill": "1.0.0",
        "whatwg-fetch": "3.4.1"
      }
    },
    "coherent-gameface-checkbox": {
      "version": "1.0.9",
      "resolved": "https://registry.npmjs.org/coherent-gameface-checkbox/-/coherent-gameface-checkbox-1.0.9.tgz",
      "integrity": "sha512-O+u4V7jY3dbGa06sR78OE851n6odTXxW7AbDo4dWDrxK0ddDrf9OFZs0X5Qqc7eajOTCPFu2Lt6u/AfVcnwhzQ==",
      "requires": {
        "coherent-gameface-components": "^1.0.5"
      }
    },
    "coherent-gameface-components": {
      "version": "1.0.9",
      "resolved": "https://registry.npmjs.org/coherent-gameface-components/-/coherent-gameface-components-1.0.9.tgz",
      "integrity": "sha512-LC3AMP5Ws8/DajfQ5IoJGtE72k92qGyBO6hVeKT2yaHjQAgvPwq9VO9gRT+bf5ohzI41UsnmuhBwgdbuPIgBrw=="
    },
    "coherent-gameface-dropdown": {
      "version": "1.0.7",
      "resolved": "https://registry.npmjs.org/coherent-gameface-dropdown/-/coherent-gameface-dropdown-1.0.7.tgz",
      "integrity": "sha512-vG2cgtrKPcRix9BgQTesvZCMRt37WsNM1VGbQY12OPWiPPTVehcj0n2Ael6LTs0GTCBbZMeTkcM3FtCbJ90rfw==",
      "requires": {
        "coherent-gameface-components": "^1.0.5",
        "coherent-gameface-scrollable-container": "^1.0.6",
        "postmessage-polyfill": "1.0.0",
        "whatwg-fetch": "3.4.1"
      }
    },
    "coherent-gameface-grid": {
      "version": "1.0.3",
      "resolved": "https://registry.npmjs.org/coherent-gameface-grid/-/coherent-gameface-grid-1.0.3.tgz",
      "integrity": "sha512-kowSUW5TwNrbKjeB5CuN5zsVrXUqJCNBR6PiXxspQpKFeA9Got8s3NneDjbEFV0g2OZrKJEFN73GDGRMGfmw6A=="
    },
    "coherent-gameface-rangeslider": {
      "version": "1.0.6",
      "resolved": "https://registry.npmjs.org/coherent-gameface-rangeslider/-/coherent-gameface-rangeslider-1.0.6.tgz",
      "integrity": "sha512-LFdsCUGbfgsZA+REKUBhm1QKo0UAOx0S7RjKw7HPJdCD3ty0rO39kY4wq3g9rctbZTs4OPR0A7u+dxvGt04sPw==",
      "requires": {
        "coherent-gameface-components": "^1.0.5",
        "postmessage-polyfill": "1.0.0",
        "whatwg-fetch": "3.4.1"
      }
    },
    "coherent-gameface-scrollable-container": {
      "version": "1.0.7",
      "resolved": "https://registry.npmjs.org/coherent-gameface-scrollable-container/-/coherent-gameface-scrollable-container-1.0.7.tgz",
      "integrity": "sha512-j4dDnP4GlB8VEJ4eo/bIS6vnYWC/sGf50PA8f0WfrXIO6vZLvF32nkgrGrDu5EYf/r4IqAgLAHLzc8dsLHy+7Q==",
      "requires": {
        "coherent-gameface-components": "^1.0.5",
        "coherent-gameface-slider": "^1.0.5",
        "postmessage-polyfill": "1.0.0",
        "whatwg-fetch": "3.4.1"
      }
    },
    "coherent-gameface-slider": {
      "version": "1.0.6",
      "resolved": "https://registry.npmjs.org/coherent-gameface-slider/-/coherent-gameface-slider-1.0.6.tgz",
      "integrity": "sha512-n+as1hx456agFEdb1F8DCtLcn6r7cp/6mUGQSHf8hOYlY7JCVijxUyEsSo0p9yQxsDqBEGxu4khFRLUKSQOXQQ==",
      "requires": {
        "coherent-gameface-components": "^1.0.5",
        "postmessage-polyfill": "1.0.0",
        "whatwg-fetch": "3.4.1"
      }
    },
    "postmessage-polyfill": {
      "version": "1.0.0",
      "resolved": "https://registry.npmjs.org/postmessage-polyfill/-/postmessage-polyfill-1.0.0.tgz",
      "integrity": "sha1-0GQ6MOr730yNXuPXuyM04IWI6jY="
    },
    "whatwg-fetch": {
      "version": "3.4.1",
      "resolved": "https://registry.npmjs.org/whatwg-fetch/-/whatwg-fetch-3.4.1.tgz",
      "integrity": "sha512-sofZVzE1wKwO+EYPbWfiwzaKovWiZXf4coEzjGP9b2GBVgQRLQUZ2QcuPpQExGDAW5GItpEm6Tl4OU5mywnAoQ=="
    }
  }
}
