{
  "name": "getting-started-guide",
  "version": "1.0.0",
  "lockfileVersion": 2,
  "requires": true,
  "packages": {
    "": {
      "name": "getting-started-guide",
      "version": "1.0.0",
      "license": "ISC",
      "dependencies": {
        "coherent-gameface-checkbox": "^1.1.0",
        "coherent-gameface-components": "^1.1.0",
        "coherent-gameface-dropdown": "^1.2.0",
        "coherent-gameface-rangeslider": "^1.0.6"
      },
      "devDependencies": {}
    },
    "node_modules/coherent-gameface-checkbox": {
      "version": "1.1.1",
      "resolved": "https://registry.npmjs.org/coherent-gameface-checkbox/-/coherent-gameface-checkbox-1.1.1.tgz",
      "integrity": "sha512-W1QUS1MHpEYw+ZZcxTDDpxOK9f5SU5ZcGHqlsGOx9Hd3MwimtT6/OEIwMMbtiFjFsUfjcAcF0EG/hlnbnb/9bw==",
      "dependencies": {
        "coherent-gameface-components": "^1.0.5"
      }
    },
    "node_modules/coherent-gameface-components": {
      "version": "1.1.1",
      "resolved": "https://registry.npmjs.org/coherent-gameface-components/-/coherent-gameface-components-1.1.1.tgz",
      "integrity": "sha512-fwj99bTV/Ntc+cNwOYQQA/BpqEW8S4MwTuT4Th2/WS5AMxWc9DxKnG684loysQXHpl+JyiXH+W3xIQLzcS9zvQ=="
    },
    "node_modules/coherent-gameface-dropdown": {
      "version": "1.2.1",
      "resolved": "https://registry.npmjs.org/coherent-gameface-dropdown/-/coherent-gameface-dropdown-1.2.1.tgz",
      "integrity": "sha512-9oFwLG0sxKNSyX+8pcXe78vQVWjLbB8Elp3xH4mSBUydmE0HOHqajaaO2HzduXSkKk1NX8glkkgsqAkpF5/vSg==",
      "dependencies": {
        "coherent-gameface-components": "^1.0.9",
        "coherent-gameface-scrollable-container": "^1.0.10",
        "postmessage-polyfill": "1.0.0",
        "whatwg-fetch": "3.4.1"
      }
    },
    "node_modules/coherent-gameface-rangeslider": {
      "version": "1.0.6",
      "resolved": "https://registry.npmjs.org/coherent-gameface-rangeslider/-/coherent-gameface-rangeslider-1.0.6.tgz",
      "integrity": "sha512-LFdsCUGbfgsZA+REKUBhm1QKo0UAOx0S7RjKw7HPJdCD3ty0rO39kY4wq3g9rctbZTs4OPR0A7u+dxvGt04sPw==",
      "dependencies": {
        "coherent-gameface-components": "^1.0.5",
        "postmessage-polyfill": "1.0.0",
        "whatwg-fetch": "3.4.1"
      }
    },
    "node_modules/coherent-gameface-scrollable-container": {
      "version": "1.0.10",
      "resolved": "https://registry.npmjs.org/coherent-gameface-scrollable-container/-/coherent-gameface-scrollable-container-1.0.10.tgz",
      "integrity": "sha512-BhGGZtuDta5B7urj1HOli6LyMUIAXzoNSkVU9WV2Eydm6eZgKtwV1qSXs4r6Z0jO6Utb0taYB2ev9fxFuk2zbA==",
      "dependencies": {
        "coherent-gameface-components": "^1.0.9",
        "coherent-gameface-slider": "^1.0.5",
        "postmessage-polyfill": "1.0.0",
        "whatwg-fetch": "3.4.1"
      }
    },
    "node_modules/coherent-gameface-slider": {
      "version": "1.0.7",
      "resolved": "https://registry.npmjs.org/coherent-gameface-slider/-/coherent-gameface-slider-1.0.7.tgz",
      "integrity": "sha512-Fte9oxk1KkLjnUq/l+dm4ufAYVpI+agER0C4Q7Q0oQ6uhR19ZUIXB05shoHO2gY875dTEn6mOmDyPjNgflcWLQ==",
      "dependencies": {
        "coherent-gameface-components": "^1.0.5",
        "postmessage-polyfill": "1.0.0",
        "whatwg-fetch": "3.4.1"
      }
    },
    "node_modules/postmessage-polyfill": {
      "version": "1.0.0",
      "resolved": "https://registry.npmjs.org/postmessage-polyfill/-/postmessage-polyfill-1.0.0.tgz",
      "integrity": "sha1-0GQ6MOr730yNXuPXuyM04IWI6jY="
    },
    "node_modules/whatwg-fetch": {
      "version": "3.4.1",
      "resolved": "https://registry.npmjs.org/whatwg-fetch/-/whatwg-fetch-3.4.1.tgz",
      "integrity": "sha512-sofZVzE1wKwO+EYPbWfiwzaKovWiZXf4coEzjGP9b2GBVgQRLQUZ2QcuPpQExGDAW5GItpEm6Tl4OU5mywnAoQ=="
    }
  },
  "dependencies": {
    "coherent-gameface-checkbox": {
      "version": "1.1.1",
      "resolved": "https://registry.npmjs.org/coherent-gameface-checkbox/-/coherent-gameface-checkbox-1.1.1.tgz",
      "integrity": "sha512-W1QUS1MHpEYw+ZZcxTDDpxOK9f5SU5ZcGHqlsGOx9Hd3MwimtT6/OEIwMMbtiFjFsUfjcAcF0EG/hlnbnb/9bw==",
      "requires": {
        "coherent-gameface-components": "^1.0.5"
      }
    },
    "coherent-gameface-components": {
      "version": "1.1.1",
      "resolved": "https://registry.npmjs.org/coherent-gameface-components/-/coherent-gameface-components-1.1.1.tgz",
      "integrity": "sha512-fwj99bTV/Ntc+cNwOYQQA/BpqEW8S4MwTuT4Th2/WS5AMxWc9DxKnG684loysQXHpl+JyiXH+W3xIQLzcS9zvQ=="
    },
    "coherent-gameface-dropdown": {
      "version": "1.2.1",
      "resolved": "https://registry.npmjs.org/coherent-gameface-dropdown/-/coherent-gameface-dropdown-1.2.1.tgz",
      "integrity": "sha512-9oFwLG0sxKNSyX+8pcXe78vQVWjLbB8Elp3xH4mSBUydmE0HOHqajaaO2HzduXSkKk1NX8glkkgsqAkpF5/vSg==",
      "requires": {
        "coherent-gameface-components": "^1.0.9",
        "coherent-gameface-scrollable-container": "^1.0.10",
        "postmessage-polyfill": "1.0.0",
        "whatwg-fetch": "3.4.1"
      }
    },
    "coherent-gameface-rangeslider": {
      "version": "1.0.6",
      "resolved": "https://registry.npmjs.org/coherent-gameface-rangeslider/-/coherent-gameface-rangeslider-1.0.6.tgz",
      "integrity": "sha512-LFdsCUGbfgsZA+REKUBhm1QKo0UAOx0S7RjKw7HPJdCD3ty0rO39kY4wq3g9rctbZTs4OPR0A7u+dxvGt04sPw==",
      "requires": {
        "coherent-gameface-components": "^1.0.5",
        "postmessage-polyfill": "1.0.0",
        "whatwg-fetch": "3.4.1"
      }
    },
    "coherent-gameface-scrollable-container": {
      "version": "1.0.10",
      "resolved": "https://registry.npmjs.org/coherent-gameface-scrollable-container/-/coherent-gameface-scrollable-container-1.0.10.tgz",
      "integrity": "sha512-BhGGZtuDta5B7urj1HOli6LyMUIAXzoNSkVU9WV2Eydm6eZgKtwV1qSXs4r6Z0jO6Utb0taYB2ev9fxFuk2zbA==",
      "requires": {
        "coherent-gameface-components": "^1.0.9",
        "coherent-gameface-slider": "^1.0.5",
        "postmessage-polyfill": "1.0.0",
        "whatwg-fetch": "3.4.1"
      }
    },
    "coherent-gameface-slider": {
      "version": "1.0.7",
      "resolved": "https://registry.npmjs.org/coherent-gameface-slider/-/coherent-gameface-slider-1.0.7.tgz",
      "integrity": "sha512-Fte9oxk1KkLjnUq/l+dm4ufAYVpI+agER0C4Q7Q0oQ6uhR19ZUIXB05shoHO2gY875dTEn6mOmDyPjNgflcWLQ==",
      "requires": {
        "coherent-gameface-components": "^1.0.5",
        "postmessage-polyfill": "1.0.0",
        "whatwg-fetch": "3.4.1"
      }
    },
    "postmessage-polyfill": {
      "version": "1.0.0",
      "resolved": "https://registry.npmjs.org/postmessage-polyfill/-/postmessage-polyfill-1.0.0.tgz",
      "integrity": "sha1-0GQ6MOr730yNXuPXuyM04IWI6jY="
    },
    "whatwg-fetch": {
      "version": "3.4.1",
      "resolved": "https://registry.npmjs.org/whatwg-fetch/-/whatwg-fetch-3.4.1.tgz",
      "integrity": "sha512-sofZVzE1wKwO+EYPbWfiwzaKovWiZXf4coEzjGP9b2GBVgQRLQUZ2QcuPpQExGDAW5GItpEm6Tl4OU5mywnAoQ=="
    }
  }
}
