{
  "name": "getting-started-guide",
  "version": "1.0.0",
  "lockfileVersion": 2,
  "requires": true,
  "packages": {
    "": {
      "name": "getting-started-guide",
      "version": "1.0.0",
      "license": "ISC",
      "dependencies": {
        "coherent-gameface-checkbox": "^1.1.0",
        "coherent-gameface-components": "^1.1.0",
        "coherent-gameface-dropdown": "^1.2.0",
        "coherent-gameface-rangeslider": "^1.0.6"
      },
      "devDependencies": {}
    },
    "node_modules/coherent-gameface-checkbox": {
      "version": "1.2.0",
      "resolved": "https://registry.npmjs.org/coherent-gameface-checkbox/-/coherent-gameface-checkbox-1.2.0.tgz",
      "integrity": "sha512-jGS6F0rzgwV0nO8Q0arC1YhqcEO2C+gCfPtpfUGO10Wbg6LVdpmeoV0aVG5Axn5CmfDlojsXgKWFDKsJuTFD9g==",
      "dependencies": {
        "coherent-gameface-components": "^1.3.0"
      }
    },
    "node_modules/coherent-gameface-components": {
      "version": "1.3.0",
      "resolved": "https://registry.npmjs.org/coherent-gameface-components/-/coherent-gameface-components-1.3.0.tgz",
      "integrity": "sha512-y2gRkv3yk7enY5FlkvOInwfLuISDqUCr6duFEbKFfph9ktcI1zk43Jon5EirqGpnYQRJMplCjM/T7X+Wk2OL2g=="
    },
    "node_modules/coherent-gameface-dropdown": {
      "version": "1.3.0",
      "resolved": "https://registry.npmjs.org/coherent-gameface-dropdown/-/coherent-gameface-dropdown-1.3.0.tgz",
      "integrity": "sha512-fsmsyAj3FyJ+UTgdzR9RCWpXlp1sUPWD3ZeTqJK4fQUlcbHy88YO/L1AXS14gwh9zhk+x1jSXB/DbvFE3nTJtw==",
      "dependencies": {
        "coherent-gameface-components": "^1.3.0",
        "coherent-gameface-scrollable-container": "^1.2.0",
        "postmessage-polyfill": "1.0.0",
        "whatwg-fetch": "3.4.1"
      }
    },
    "node_modules/coherent-gameface-rangeslider": {
      "version": "1.1.0",
      "resolved": "https://registry.npmjs.org/coherent-gameface-rangeslider/-/coherent-gameface-rangeslider-1.1.0.tgz",
      "integrity": "sha512-B27FK+z29YqCHuWxd5+rBd5XBbak6oAZSje4bmiq0qwHUAQUrclDwKutAruGmm+ZfpuE/xZaBAQIS/HywjavPQ==",
      "dependencies": {
        "coherent-gameface-components": "^1.3.0",
        "postmessage-polyfill": "1.0.0",
        "whatwg-fetch": "3.4.1"
      }
    },
    "node_modules/coherent-gameface-scrollable-container": {
      "version": "1.2.0",
      "resolved": "https://registry.npmjs.org/coherent-gameface-scrollable-container/-/coherent-gameface-scrollable-container-1.2.0.tgz",
      "integrity": "sha512-x3U5j49RESFJckT2LE3D4sWAUW1JEGoS1cjqQ4J3aG2D2VgqyMG1cH7eW0MWw1XNqb6yD/mMSqg5QxLL2wKo1Q==",
      "dependencies": {
        "coherent-gameface-components": "^1.3.0",
        "coherent-gameface-slider": "^1.2.0",
        "postmessage-polyfill": "1.0.0",
        "whatwg-fetch": "3.4.1"
      }
    },
    "node_modules/coherent-gameface-slider": {
      "version": "1.2.0",
      "resolved": "https://registry.npmjs.org/coherent-gameface-slider/-/coherent-gameface-slider-1.2.0.tgz",
      "integrity": "sha512-3GbRu3Xl0FYsOg4dtUYwMB8W/dDhu5Mx3NyG0wfLRCRIXR/wIQAVVyJbuB7V06p2TjGH4Fmyy/xwaHLlrtzm7g==",
      "dependencies": {
        "coherent-gameface-components": "^1.3.0",
        "postmessage-polyfill": "1.0.0",
        "whatwg-fetch": "3.4.1"
      }
    },
    "node_modules/postmessage-polyfill": {
      "version": "1.0.0",
      "resolved": "https://registry.npmjs.org/postmessage-polyfill/-/postmessage-polyfill-1.0.0.tgz",
      "integrity": "sha512-nb488P1AMdoPyMru+l4UeQqFxBK7INQKI8Qr7GkfRaczG61LkmZei/nCpv/UDs/HTh48Na/EFt0nVArOc0Z6wQ=="
    },
    "node_modules/whatwg-fetch": {
      "version": "3.4.1",
      "resolved": "https://registry.npmjs.org/whatwg-fetch/-/whatwg-fetch-3.4.1.tgz",
      "integrity": "sha512-sofZVzE1wKwO+EYPbWfiwzaKovWiZXf4coEzjGP9b2GBVgQRLQUZ2QcuPpQExGDAW5GItpEm6Tl4OU5mywnAoQ=="
    }
  },
  "dependencies": {
    "coherent-gameface-checkbox": {
      "version": "1.2.0",
      "resolved": "https://registry.npmjs.org/coherent-gameface-checkbox/-/coherent-gameface-checkbox-1.2.0.tgz",
      "integrity": "sha512-jGS6F0rzgwV0nO8Q0arC1YhqcEO2C+gCfPtpfUGO10Wbg6LVdpmeoV0aVG5Axn5CmfDlojsXgKWFDKsJuTFD9g==",
      "requires": {
        "coherent-gameface-components": "^1.3.0"
      }
    },
    "coherent-gameface-components": {
      "version": "1.3.0",
      "resolved": "https://registry.npmjs.org/coherent-gameface-components/-/coherent-gameface-components-1.3.0.tgz",
      "integrity": "sha512-y2gRkv3yk7enY5FlkvOInwfLuISDqUCr6duFEbKFfph9ktcI1zk43Jon5EirqGpnYQRJMplCjM/T7X+Wk2OL2g=="
    },
    "coherent-gameface-dropdown": {
      "version": "1.3.0",
      "resolved": "https://registry.npmjs.org/coherent-gameface-dropdown/-/coherent-gameface-dropdown-1.3.0.tgz",
      "integrity": "sha512-fsmsyAj3FyJ+UTgdzR9RCWpXlp1sUPWD3ZeTqJK4fQUlcbHy88YO/L1AXS14gwh9zhk+x1jSXB/DbvFE3nTJtw==",
      "requires": {
        "coherent-gameface-components": "^1.3.0",
        "coherent-gameface-scrollable-container": "^1.2.0",
        "postmessage-polyfill": "1.0.0",
        "whatwg-fetch": "3.4.1"
      }
    },
    "coherent-gameface-rangeslider": {
      "version": "1.1.0",
      "resolved": "https://registry.npmjs.org/coherent-gameface-rangeslider/-/coherent-gameface-rangeslider-1.1.0.tgz",
      "integrity": "sha512-B27FK+z29YqCHuWxd5+rBd5XBbak6oAZSje4bmiq0qwHUAQUrclDwKutAruGmm+ZfpuE/xZaBAQIS/HywjavPQ==",
      "requires": {
        "coherent-gameface-components": "^1.3.0",
        "postmessage-polyfill": "1.0.0",
        "whatwg-fetch": "3.4.1"
      }
    },
    "coherent-gameface-scrollable-container": {
      "version": "1.2.0",
      "resolved": "https://registry.npmjs.org/coherent-gameface-scrollable-container/-/coherent-gameface-scrollable-container-1.2.0.tgz",
      "integrity": "sha512-x3U5j49RESFJckT2LE3D4sWAUW1JEGoS1cjqQ4J3aG2D2VgqyMG1cH7eW0MWw1XNqb6yD/mMSqg5QxLL2wKo1Q==",
      "requires": {
        "coherent-gameface-components": "^1.3.0",
        "coherent-gameface-slider": "^1.2.0",
        "postmessage-polyfill": "1.0.0",
        "whatwg-fetch": "3.4.1"
      }
    },
    "coherent-gameface-slider": {
      "version": "1.2.0",
      "resolved": "https://registry.npmjs.org/coherent-gameface-slider/-/coherent-gameface-slider-1.2.0.tgz",
      "integrity": "sha512-3GbRu3Xl0FYsOg4dtUYwMB8W/dDhu5Mx3NyG0wfLRCRIXR/wIQAVVyJbuB7V06p2TjGH4Fmyy/xwaHLlrtzm7g==",
      "requires": {
        "coherent-gameface-components": "^1.3.0",
        "postmessage-polyfill": "1.0.0",
        "whatwg-fetch": "3.4.1"
      }
    },
    "postmessage-polyfill": {
      "version": "1.0.0",
      "resolved": "https://registry.npmjs.org/postmessage-polyfill/-/postmessage-polyfill-1.0.0.tgz",
      "integrity": "sha512-nb488P1AMdoPyMru+l4UeQqFxBK7INQKI8Qr7GkfRaczG61LkmZei/nCpv/UDs/HTh48Na/EFt0nVArOc0Z6wQ=="
    },
    "whatwg-fetch": {
      "version": "3.4.1",
      "resolved": "https://registry.npmjs.org/whatwg-fetch/-/whatwg-fetch-3.4.1.tgz",
      "integrity": "sha512-sofZVzE1wKwO+EYPbWfiwzaKovWiZXf4coEzjGP9b2GBVgQRLQUZ2QcuPpQExGDAW5GItpEm6Tl4OU5mywnAoQ=="
    }
  }
}
